Microsoft Visual Studio Solution File, Format Version 8.00
Project("{8BC9CEB8-8B4A-11D0-8D11-00A0C91BC942}") = "micropather", "micropather.vcproj", "{0A2FE734-0AFB-4D8B-9130-862BE159E7E3}"
	ProjectSection(ProjectDependencies) = postProject
	EndProjectSection
EndProject
Project("{8BC9CEB8-8B4A-11D0-8D11-00A0C91BC942}") = "speed", "speed.vcproj", "{F6F07FA7-FDC5-4B45-9AC5-FD4DC41258AA}"
	ProjectSection(ProjectDependencies) = postProject
	EndProjectSection
EndProject
Global
	GlobalSection(SolutionConfiguration) = preSolution
		Debug = Debug
		Release = Release
	EndGlobalSection
	GlobalSection(ProjectConfiguration) = postSolution
		{0A2FE734-0AFB-4D8B-9130-862BE159E7E3}.Debug.ActiveCfg = Debug|Win32
		{0A2FE734-0AFB-4D8B-9130-862BE159E7E3}.Debug.Build.0 = Debug|Win32
		{0A2FE734-0AFB-4D8B-9130-862BE159E7E3}.Release.ActiveCfg = Release|Win32
		{0A2FE734-0AFB-4D8B-9130-862BE159E7E3}.Release.Build.0 = Release|Win32
		{F6F07FA7-FDC5-4B45-9AC5-FD4DC41258AA}.Debug.ActiveCfg = Debug|Win32
		{F6F07FA7-FDC5-4B45-9AC5-FD4DC41258AA}.Debug.Build.0 = Debug|Win32
		{F6F07FA7-FDC5-4B45-9AC5-FD4DC41258AA}.Release.ActiveCfg = Release|Win32
		{F6F07FA7-FDC5-4B45-9AC5-FD4DC41258AA}.Release.Build.0 = Release|Win32
	EndGlobalSection
	GlobalSection(ExtensibilityGlobals) = postSolution
	EndGlobalSection
	GlobalSection(ExtensibilityAddIns) = postSolution
	EndGlobalSection
EndGlobal
